
Microsoft Visual Studio Solution File, Format Version 12.00
# Visual Studio Version 17
VisualStudioVersion = 17.5.33530.505
MinimumVisualStudioVersion = 10.0.40219.1
Project("{FAE04EC0-301F-11D3-BF4B-00C04F79EFBC}") = "DAUinfo", "DAUinfo.csproj", "{DBE46E1F-C36C-45CF-AC46-655F71A825FA}"
EndProject
Global
	GlobalSection(SolutionConfigurationPlatforms) = preSolution
		Debug|Any CPU = Debug|Any CPU
		Release|Any CPU = Release|Any CPU
	EndGlobalSection
	GlobalSection(ProjectConfigurationPlatforms) = postSolution
		{DBE46E1F-C36C-45CF-AC46-655F71A825FA}.Debug|Any CPU.ActiveCfg = Debug|Any CPU
		{DBE46E1F-C36C-45CF-AC46-655F71A825FA}.Debug|Any CPU.Build.0 = Debug|Any CPU
		{DBE46E1F-C36C-45CF-AC46-655F71A825FA}.Release|Any CPU.ActiveCfg = Release|Any CPU
		{DBE46E1F-C36C-45CF-AC46-655F71A825FA}.Release|Any CPU.Build.0 = Release|Any CPU
	EndGlobalSection
	GlobalSection(SolutionProperties) = preSolution
		HideSolutionNode = FALSE
	EndGlobalSection
	GlobalSection(ExtensibilityGlobals) = postSolution
		SolutionGuid = {2421784C-C3E3-427D-9607-61E423EFE44A}
	EndGlobalSection
EndGlobal
